// !$*UTF8*$!
{
	archiveVersion = 1;
	classes = {
	};
	objectVersion = 55;
	objects = {

/* Begin PBXBuildFile section */
		CE0BF19D28B7A50100C9894A /* AppDelegate.swift in Sources */ = {isa = PBXBuildFile; fileRef = CE0BF19C28B7A50100C9894A /* AppDelegate.swift */; };
		CE0BF19F28B7A50100C9894A /* SceneDelegate.swift in Sources */ = {isa = PBXBuildFile; fileRef = CE0BF19E28B7A50100C9894A /* SceneDelegate.swift */; };
		CE0BF1A128B7A50100C9894A /* ViewController.swift in Sources */ = {isa = PBXBuildFile; fileRef = CE0BF1A028B7A50100C9894A /* ViewController.swift */; };
		CE0BF1A928B7A50400C9894A /* LaunchScreen.storyboard in Resources */ = {isa = PBXBuildFile; fileRef = CE0BF1A728B7A50400C9894A /* LaunchScreen.storyboard */; };
		CE0BF1B428B7A56E00C9894A /* Assets.xcassets in Resources */ = {isa = PBXBuildFile; fileRef = CE0BF1B228B7A56E00C9894A /* Assets.xcassets */; };
		CE0BF1B528B7A56E00C9894A /* Main.storyboard in Resources */ = {isa = PBXBuildFile; fileRef = CE0BF1B328B7A56E00C9894A /* Main.storyboard */; };
		CE0BF1CD28B7AEA200C9894A /* E.wav in Resources */ = {isa = PBXBuildFile; fileRef = CE0BF1C628B7AEA100C9894A /* E.wav */; };
		CE0BF1CE28B7AEA200C9894A /* G.wav in Resources */ = {isa = PBXBuildFile; fileRef = CE0BF1C728B7AEA100C9894A /* G.wav */; };
		CE0BF1CF28B7AEA200C9894A /* A.wav in Resources */ = {isa = PBXBuildFile; fileRef = CE0BF1C828B7AEA100C9894A /* A.wav */; };
		CE0BF1D028B7AEA200C9894A /* B.wav in Resources */ = {isa = PBXBuildFile; fileRef = CE0BF1C928B7AEA200C9894A /* B.wav */; };
		CE0BF1D128B7AEA200C9894A /* F.wav in Resources */ = {isa = PBXBuildFile; fileRef = CE0BF1CA28B7AEA200C9894A /* F.wav */; };
		CE0BF1D228B7AEA200C9894A /* C.wav in Resources */ = {isa = PBXBuildFile; fileRef = CE0BF1CB28B7AEA200C9894A /* C.wav */; };
		CE0BF1D328B7AEA200C9894A /* D.wav in Resources */ = {isa = PBXBuildFile; fileRef = CE0BF1CC28B7AEA200C9894A /* D.wav */; };
/* End PBXBuildFile section */

/* Begin PBXFileReference section */
		CE0BF19928B7A50100C9894A /* Xylophone.app */ = {isa = PBXFileReference; explicitFileType = wrapper.application; includeInIndex = 0; path = Xylophone.app; sourceTree = BUILT_PRODUCTS_DIR; };
		CE0BF19C28B7A50100C9894A /* AppDelegate.swift */ = {isa = PBXFileReference; lastKnownFileType = sourcecode.swift; path = AppDelegate.swift; sourceTree = "<group>"; };
		CE0BF19E28B7A50100C9894A /* SceneDelegate.swift */ = {isa = PBXFileReference; lastKnownFileType = sourcecode.swift; path = SceneDelegate.swift; sourceTree = "<group>"; };
		CE0BF1A028B7A50100C9894A /* ViewController.swift */ = {isa = PBXFileReference; lastKnownFileType = sourcecode.swift; path = ViewController.swift; sourceTree = "<group>"; };
		CE0BF1A828B7A50400C9894A /* Base */ = {isa = PBXFileReference; lastKnownFileType = file.storyboard; name = Base; path = Base.lproj/LaunchScreen.storyboard; sourceTree = "<group>"; };
		CE0BF1AA28B7A50400C9894A /* Info.plist */ = {isa = PBXFileReference; lastKnownFileType = text.plist.xml; path = Info.plist; sourceTree = "<group>"; };
		CE0BF1B228B7A56E00C9894A /* Assets.xcassets */ = {isa = PBXFileReference; lastKnownFileType = folder.assetcatalog; name = Assets.xcassets; path = "../../../../Downloads/Xylophone-iOS13-master/Xylophone/Assets.xcassets"; sourceTree = "<group>"; };
		CE0BF1B328B7A56E00C9894A /* Main.storyboard */ = {isa = PBXFileReference; fileEncoding = 4; lastKnownFileType = file.storyboard; path = Main.storyboard; sourceTree = "<group>"; };
		CE0BF1C628B7AEA100C9894A /* E.wav */ = {isa = PBXFileReference; lastKnownFileType = audio.wav; path = E.wav; sourceTree = "<group>"; };
		CE0BF1C728B7AEA100C9894A /* G.wav */ = {isa = PBXFileReference; lastKnownFileType = audio.wav; path = G.wav; sourceTree = "<group>"; };
		CE0BF1C828B7AEA100C9894A /* A.wav */ = {isa = PBXFileReference; lastKnownFileType = audio.wav; path = A.wav; sourceTree = "<group>"; };
		CE0BF1C928B7AEA200C9894A /* B.wav */ = {isa = PBXFileReference; lastKnownFileType = audio.wav; path = B.wav; sourceTree = "<group>"; };
		CE0BF1CA28B7AEA200C9894A /* F.wav */ = {isa = PBXFileReference; lastKnownFileType = audio.wav; path = F.wav; sourceTree = "<group>"; };
		CE0BF1CB28B7AEA200C9894A /* C.wav */ = {isa = PBXFileReference; lastKnownFileType = audio.wav; path = C.wav; sourceTree = "<group>"; };
		CE0BF1CC28B7AEA200C9894A /* D.wav */ = {isa = PBXFileReference; lastKnownFileType = audio.wav; path = D.wav; sourceTree = "<group>"; };
/* End PBXFileReference section */

/* Begin PBXFrameworksBuildPhase section */
		CE0BF19628B7A50100C9894A /* Frameworks */ = {
			isa = PBXFrameworksBuildPhase;
			buildActionMask = 2147483647;
			files = (
			);
			runOnlyForDeploymentPostprocessing = 0;
		};
/* End PBXFrameworksBuildPhase section */

/* Begin PBXGroup section */
		CE0BF19028B7A50100C9894A = {
			isa = PBXGroup;
			children = (
				CE0BF19B28B7A50100C9894A /* Xylophone */,
				CE0BF19A28B7A50100C9894A /* Products */,
			);
			sourceTree = "<group>";
		};
		CE0BF19A28B7A50100C9894A /* Products */ = {
			isa = PBXGroup;
			children = (
				CE0BF19928B7A50100C9894A /* Xylophone.app */,
			);
			name = Products;
			sourceTree = "<group>";
		};
		CE0BF19B28B7A50100C9894A /* Xylophone */ = {
			isa = PBXGroup;
			children = (
				CE0BF1C528B7AE5B00C9894A /* Sounds */,
				CE0BF19C28B7A50100C9894A /* AppDelegate.swift */,
				CE0BF19E28B7A50100C9894A /* SceneDelegate.swift */,
				CE0BF1A028B7A50100C9894A /* ViewController.swift */,
				CE0BF1B228B7A56E00C9894A /* Assets.xcassets */,
				CE0BF1B328B7A56E00C9894A /* Main.storyboard */,
				CE0BF1A728B7A50400C9894A /* LaunchScreen.storyboard */,
				CE0BF1AA28B7A50400C9894A /* Info.plist */,
			);
			path = Xylophone;
			sourceTree = "<group>";
		};
		CE0BF1C528B7AE5B00C9894A /* Sounds */ = {
			isa = PBXGroup;
			children = (
				CE0BF1C828B7AEA100C9894A /* A.wav */,
				CE0BF1C928B7AEA200C9894A /* B.wav */,
				CE0BF1CB28B7AEA200C9894A /* C.wav */,
				CE0BF1CC28B7AEA200C9894A /* D.wav */,
				CE0BF1C628B7AEA100C9894A /* E.wav */,
				CE0BF1CA28B7AEA200C9894A /* F.wav */,
				CE0BF1C728B7AEA100C9894A /* G.wav */,
			);
			path = Sounds;
			sourceTree = "<group>";
		};
/* End PBXGroup section */

/* Begin PBXNativeTarget section */
		CE0BF19828B7A50100C9894A /* Xylophone */ = {
			isa = PBXNativeTarget;
			buildConfigurationList = CE0BF1AD28B7A50400C9894A /* Build configuration list for PBXNativeTarget "Xylophone" */;
			buildPhases = (
				CE0BF19528B7A50100C9894A /* Sources */,
				CE0BF19628B7A50100C9894A /* Frameworks */,
				CE0BF19728B7A50100C9894A /* Resources */,
			);
			buildRules = (
			);
			dependencies = (
			);
			name = Xylophone;
			productName = Xylophone;
			productReference = CE0BF19928B7A50100C9894A /* Xylophone.app */;
			productType = "com.apple.product-type.application";
		};
/* End PBXNativeTarget section */

/* Begin PBXProject section */
		CE0BF19128B7A50100C9894A /* Project object */ = {
			isa = PBXProject;
			attributes = {
				BuildIndependentTargetsInParallel = 1;
				LastSwiftUpdateCheck = 1340;
				LastUpgradeCheck = 1340;
				TargetAttributes = {
					CE0BF19828B7A50100C9894A = {
						CreatedOnToolsVersion = 13.4.1;
					};
				};
			};
			buildConfigurationList = CE0BF19428B7A50100C9894A /* Build configuration list for PBXProject "Xylophone" */;
			compatibilityVersion = "Xcode 13.0";
			developmentRegion = en;
			hasScannedForEncodings = 0;
			knownRegions = (
				en,
				Base,
			);
			mainGroup = CE0BF19028B7A50100C9894A;
			productRefGroup = CE0BF19A28B7A50100C9894A /* Products */;
			projectDirPath = "";
			projectRoot = "";
			targets = (
				CE0BF19828B7A50100C9894A /* Xylophone */,
			);
		};
/* End PBXProject section */

/* Begin PBXResourcesBuildPhase section */
		CE0BF19728B7A50100C9894A /* Resources */ = {
			isa = PBXResourcesBuildPhase;
			buildActionMask = 2147483647;
			files = (
				CE0BF1CF28B7AEA200C9894A /* A.wav in Resources */,
				CE0BF1A928B7A50400C9894A /* LaunchScreen.storyboard in Resources */,
				CE0BF1CE28B7AEA200C9894A /* G.wav in Resources */,
				CE0BF1D228B7AEA200C9894A /* C.wav in Resources */,
				CE0BF1D028B7AEA200C9894A /* B.wav in Resources */,
				CE0BF1B528B7A56E00C9894A /* Main.storyboard in Resources */,
				CE0BF1CD28B7AEA200C9894A /* E.wav in Resources */,
				CE0BF1D328B7AEA200C9894A /* D.wav in Resources */,
				CE0BF1B428B7A56E00C9894A /* Assets.xcassets in Resources */,
				CE0BF1D128B7AEA200C9894A /* F.wav in Resources */,
			);
			runOnlyForDeploymentPostprocessing = 0;
		};
/* End PBXResourcesBuildPhase section */

/* Begin PBXSourcesBuildPhase section */
		CE0BF19528B7A50100C9894A /* Sources */ = {
			isa = PBXSourcesBuildPhase;
			buildActionMask = 2147483647;
			files = (
				CE0BF1A128B7A50100C9894A /* ViewController.swift in Sources */,
				CE0BF19D28B7A50100C9894A /* AppDelegate.swift in Sources */,
				CE0BF19F28B7A50100C9894A /* SceneDelegate.swift in Sources */,
			);
			runOnlyForDeploymentPostprocessing = 0;
		};
/* End PBXSourcesBuildPhase section */

/* Begin PBXVariantGroup section */
		CE0BF1A728B7A50400C9894A /* LaunchScreen.storyboard */ = {
			isa = PBXVariantGroup;
			children = (
				CE0BF1A828B7A50400C9894A /* Base */,
			);
			name = LaunchScreen.storyboard;
			sourceTree = "<group>";
		};
/* End PBXVariantGroup section */

/* Begin XCBuildConfiguration section */
		CE0BF1AB28B7A50400C9894A /* Debug */ = {
			isa = XCBuildConfiguration;
			buildSettings = {
				ALWAYS_SEARCH_USER_PATHS = NO;
				CLANG_ANALYZER_NONNULL = YES;
				CLANG_ANALYZER_NUMBER_OBJECT_CONVERSION = YES_AGGRESSIVE;
				CLANG_CXX_LANGUAGE_STANDARD = "gnu++17";
				CLANG_ENABLE_MODULES = YES;
				CLANG_ENABLE_OBJC_ARC = YES;
				CLANG_ENABLE_OBJC_WEAK = YES;
				CLANG_WARN_BLOCK_CAPTURE_AUTORELEASING = YES;
				CLANG_WARN_BOOL_CONVERSION = YES;
				CLANG_WARN_COMMA = YES;
				CLANG_WARN_CONSTANT_CONVERSION = YES;
				CLANG_WARN_DEPRECATED_OBJC_IMPLEMENTATIONS = YES;
				CLANG_WARN_DIRECT_OBJC_ISA_USAGE = YES_ERROR;
				CLANG_WARN_DOCUMENTATION_COMMENTS = YES;
				CLANG_WARN_EMPTY_BODY = YES;
				CLANG_WARN_ENUM_CONVERSION = YES;
				CLANG_WARN_INFINITE_RECURSION = YES;
				CLANG_WARN_INT_CONVERSION = YES;
				CLANG_WARN_NON_LITERAL_NULL_CONVERSION = YES;
				CLANG_WARN_OBJC_IMPLICIT_RETAIN_SELF = YES;
				CLANG_WARN_OBJC_LITERAL_CONVERSION = YES;
				CLANG_WARN_OBJC_ROOT_CLASS = YES_ERROR;
				CLANG_WARN_QUOTED_INCLUDE_IN_FRAMEWORK_HEADER = YES;
				CLANG_WARN_RANGE_LOOP_ANALYSIS = YES;
				CLANG_WARN_STRICT_PROTOTYPES = YES;
				CLANG_WARN_SUSPICIOUS_MOVE = YES;
				CLANG_WARN_UNGUARDED_AVAILABILITY = YES_AGGRESSIVE;
				CLANG_WARN_UNREACHABLE_CODE = YES;
				CLANG_WARN__DUPLICATE_METHOD_MATCH = YES;
				COPY_PHASE_STRIP = NO;
				DEBUG_INFORMATION_FORMAT = dwarf;
				ENABLE_STRICT_OBJC_MSGSEND = YES;
				ENABLE_TESTABILITY = YES;
				GCC_C_LANGUAGE_STANDARD = gnu11;
				GCC_DYNAMIC_NO_PIC = NO;
				GCC_NO_COMMON_BLOCKS = YES;
				GCC_OPTIMIZATION_LEVEL = 0;
				GCC_PREPROCESSOR_DEFINITIONS = (
					"DEBUG=1",
					"$(inherited)",
				);
				GCC_WARN_64_TO_32_BIT_CONVERSION = YES;
				GCC_WARN_ABOUT_RETURN_TYPE = YES_ERROR;
				GCC_WARN_UNDECLARED_SELECTOR = YES;
				GCC_WARN_UNINITIALIZED_AUTOS = YES_AGGRESSIVE;
				GCC_WARN_UNUSED_FUNCTION = YES;
				GCC_WARN_UNUSED_VARIABLE = YES;
				IPHONEOS_DEPLOYMENT_TARGET = 15.5;
				MTL_ENABLE_DEBUG_INFO = INCLUDE_SOURCE;
				MTL_FAST_MATH = YES;
				ONLY_ACTIVE_ARCH = YES;
				SDKROOT = iphoneos;
				SWIFT_ACTIVE_COMPILATION_CONDITIONS = DEBUG;
				SWIFT_OPTIMIZATION_LEVEL = "-Onone";
			};
			name = Debug;
		};
		CE0BF1AC28B7A50400C9894A /* Release */ = {
			isa = XCBuildConfiguration;
			buildSettings = {
				ALWAYS_SEARCH_USER_PATHS = NO;
				CLANG_ANALYZER_NONNULL = YES;
				CLANG_ANALYZER_NUMBER_OBJECT_CONVERSION = YES_AGGRESSIVE;
				CLANG_CXX_LANGUAGE_STANDARD = "gnu++17";
				CLANG_ENABLE_MODULES = YES;
				CLANG_ENABLE_OBJC_ARC = YES;
				CLANG_ENABLE_OBJC_WEAK = YES;
				CLANG_WARN_BLOCK_CAPTURE_AUTORELEASING = YES;
				CLANG_WARN_BOOL_CONVERSION = YES;
				CLANG_WARN_COMMA = YES;
				CLANG_WARN_CONSTANT_CONVERSION = YES;
				CLANG_WARN_DEPRECATED_OBJC_IMPLEMENTATIONS = YES;
				CLANG_WARN_DIRECT_OBJC_ISA_USAGE = YES_ERROR;
				CLANG_WARN_DOCUMENTATION_COMMENTS = YES;
				CLANG_WARN_EMPTY_BODY = YES;
				CLANG_WARN_ENUM_CONVERSION = YES;
				CLANG_WARN_INFINITE_RECURSION = YES;
				CLANG_WARN_INT_CONVERSION = YES;
				CLANG_WARN_NON_LITERAL_NULL_CONVERSION = YES;
				CLANG_WARN_OBJC_IMPLICIT_RETAIN_SELF = YES;
				CLANG_WARN_OBJC_LITERAL_CONVERSION = YES;
				CLANG_WARN_OBJC_ROOT_CLASS = YES_ERROR;
				CLANG_WARN_QUOTED_INCLUDE_IN_FRAMEWORK_HEADER = YES;
				CLANG_WARN_RANGE_LOOP_ANALYSIS = YES;
				CLANG_WARN_STRICT_PROTOTYPES = YES;
				CLANG_WARN_SUSPICIOUS_MOVE = YES;
				CLANG_WARN_UNGUARDED_AVAILABILITY = YES_AGGRESSIVE;
				CLANG_WARN_UNREACHABLE_CODE = YES;
				CLANG_WARN__DUPLICATE_METHOD_MATCH = YES;
				COPY_PHASE_STRIP = NO;
				DEBUG_INFORMATION_FORMAT = "dwarf-with-dsym";
				ENABLE_NS_ASSERTIONS = NO;
				ENABLE_STRICT_OBJC_MSGSEND = YES;
				GCC_C_LANGUAGE_STANDARD = gnu11;
				GCC_NO_COMMON_BLOCKS = YES;
				GCC_WARN_64_TO_32_BIT_CONVERSION = YES;
				GCC_WARN_ABOUT_RETURN_TYPE = YES_ERROR;
				GCC_WARN_UNDECLARED_SELECTOR = YES;
				GCC_WARN_UNINITIALIZED_AUTOS = YES_AGGRESSIVE;
				GCC_WARN_UNUSED_FUNCTION = YES;
				GCC_WARN_UNUSED_VARIABLE = YES;
				IPHONEOS_DEPLOYMENT_TARGET = 15.5;
				MTL_ENABLE_DEBUG_INFO = NO;
				MTL_FAST_MATH = YES;
				SDKROOT = iphoneos;
				SWIFT_COMPILATION_MODE = wholemodule;
				SWIFT_OPTIMIZATION_LEVEL = "-O";
				VALIDATE_PRODUCT = YES;
			};
			name = Release;
		};
		CE0BF1AE28B7A50400C9894A /* Debug */ = {
			isa = XCBuildConfiguration;
			buildSettings = {
				ASSETCATALOG_COMPILER_APPICON_NAME = AppIcon;
				ASSETCATALOG_COMPILER_GLOBAL_ACCENT_COLOR_NAME = AccentColor;
				CODE_SIGN_STYLE = Automatic;
				CURRENT_PROJECT_VERSION = 1;
				DEVELOPMENT_TEAM = 538JV93T9Z;
				GENERATE_INFOPLIST_FILE = YES;
				INFOPLIST_FILE = Xylophone/Info.plist;
				INFOPLIST_KEY_UIApplicationSupportsIndirectInputEvents = YES;
				INFOPLIST_KEY_UILaunchStoryboardName = LaunchScreen;
				INFOPLIST_KEY_UIMainStoryboardFile = Main;
				INFOPLIST_KEY_UISupportedInterfaceOrientations_iPad = "UIInterfaceOrientationPortrait UIInterfaceOrientationPortraitUpsideDown UIInterfaceOrientationLandscapeLeft UIInterfaceOrientationLandscapeRight";
				INFOPLIST_KEY_UISupportedInterfaceOrientations_iPhone = "UIInterfaceOrientationPortrait UIInterfaceOrientationLandscapeLeft UIInterfaceOrientationLandscapeRight";
				LD_RUNPATH_SEARCH_PATHS = (
					"$(inherited)",
					"@executable_path/Frameworks",
				);
				MARKETING_VERSION = 1.0;
				PRODUCT_BUNDLE_IDENTIFIER = com.zlataguseva.Xylophone;
				PRODUCT_NAME = "$(TARGET_NAME)";
				SWIFT_EMIT_LOC_STRINGS = YES;
				SWIFT_VERSION = 5.0;
				TARGETED_DEVICE_FAMILY = "1,2";
			};
			name = Debug;
		};
		CE0BF1AF28B7A50400C9894A /* Release */ = {
			isa = XCBuildConfiguration;
			buildSettings = {
				ASSETCATALOG_COMPILER_APPICON_NAME = AppIcon;
				ASSETCATALOG_COMPILER_GLOBAL_ACCENT_COLOR_NAME = AccentColor;
				CODE_SIGN_STYLE = Automatic;
				CURRENT_PROJECT_VERSION = 1;
				DEVELOPMENT_TEAM = 538JV93T9Z;
				GENERATE_INFOPLIST_FILE = YES;
				INFOPLIST_FILE = Xylophone/Info.plist;
				INFOPLIST_KEY_UIApplicationSupportsIndirectInputEvents = YES;
				INFOPLIST_KEY_UILaunchStoryboardName = LaunchScreen;
				INFOPLIST_KEY_UIMainStoryboardFile = Main;
				INFOPLIST_KEY_UISupportedInterfaceOrientations_iPad = "UIInterfaceOrientationPortrait UIInterfaceOrientationPortraitUpsideDown UIInterfaceOrientationLandscapeLeft UIInterfaceOrientationLandscapeRight";
				INFOPLIST_KEY_UISupportedInterfaceOrientations_iPhone = "UIInterfaceOrientationPortrait UIInterfaceOrientationLandscapeLeft UIInterfaceOrientationLandscapeRight";
				LD_RUNPATH_SEARCH_PATHS = (
					"$(inherited)",
					"@executable_path/Frameworks",
				);
				MARKETING_VERSION = 1.0;
				PRODUCT_BUNDLE_IDENTIFIER = com.zlataguseva.Xylophone;
				PRODUCT_NAME = "$(TARGET_NAME)";
				SWIFT_EMIT_LOC_STRINGS = YES;
				SWIFT_VERSION = 5.0;
				TARGETED_DEVICE_FAMILY = "1,2";
			};
			name = Release;
		};
/* End XCBuildConfiguration section */

/* Begin XCConfigurationList section */
		CE0BF19428B7A50100C9894A /* Build configuration list for PBXProject "Xylophone" */ = {
			isa = XCConfigurationList;
			buildConfigurations = (
				CE0BF1AB28B7A50400C9894A /* Debug */,
				CE0BF1AC28B7A50400C9894A /* Release */,
			);
			defaultConfigurationIsVisible = 0;
			defaultConfigurationName = Release;
		};
		CE0BF1AD28B7A50400C9894A /* Build configuration list for PBXNativeTarget "Xylophone" */ = {
			isa = XCConfigurationList;
			buildConfigurations = (
				CE0BF1AE28B7A50400C9894A /* Debug */,
				CE0BF1AF28B7A50400C9894A /* Release */,
			);
			defaultConfigurationIsVisible = 0;
			defaultConfigurationName = Release;
		};
/* End XCConfigurationList section */
	};
	rootObject = CE0BF19128B7A50100C9894A /* Project object */;
}
